
Microsoft Visual Studio Solution File, Format Version 12.00
# Visual Studio Version 17
VisualStudioVersion = 17.5.33530.505
MinimumVisualStudioVersion = 10.0.40219.1
Project("{9A19103F-16F7-4668-BE54-9A1E7A4F7556}") = "TutorialApi", "TutorialApi.csproj", "{DCEE21F4-41BF-45B2-9FF8-10A17CF59ECB}"
EndProject
Project("{9A19103F-16F7-4668-BE54-9A1E7A4F7556}") = "DataAccessLayer", "..\DataAccesLayer\DataAccessLayer.csproj", "{8B6BCA38-7218-489C-9C1D-C046445BC4ED}"
EndProject
Project("{9A19103F-16F7-4668-BE54-9A1E7A4F7556}") = "BusinessLogicLayer", "..\BusinessLogicLayer\BusinessLogicLayer.csproj", "{B2B40371-3B26-43AB-85A7-67054F0303D4}"
EndProject
Global
	GlobalSection(SolutionConfigurationPlatforms) = preSolution
		Debug|Any CPU = Debug|Any CPU
		Release|Any CPU = Release|Any CPU
	EndGlobalSection
	GlobalSection(ProjectConfigurationPlatforms) = postSolution
		{DCEE21F4-41BF-45B2-9FF8-10A17CF59ECB}.Debug|Any CPU.ActiveCfg = Debug|Any CPU
		{DCEE21F4-41BF-45B2-9FF8-10A17CF59ECB}.Debug|Any CPU.Build.0 = Debug|Any CPU
		{DCEE21F4-41BF-45B2-9FF8-10A17CF59ECB}.Release|Any CPU.ActiveCfg = Release|Any CPU
		{DCEE21F4-41BF-45B2-9FF8-10A17CF59ECB}.Release|Any CPU.Build.0 = Release|Any CPU
		{8B6BCA38-7218-489C-9C1D-C046445BC4ED}.Debug|Any CPU.ActiveCfg = Debug|Any CPU
		{8B6BCA38-7218-489C-9C1D-C046445BC4ED}.Debug|Any CPU.Build.0 = Debug|Any CPU
		{8B6BCA38-7218-489C-9C1D-C046445BC4ED}.Release|Any CPU.ActiveCfg = Release|Any CPU
		{8B6BCA38-7218-489C-9C1D-C046445BC4ED}.Release|Any CPU.Build.0 = Release|Any CPU
		{B2B40371-3B26-43AB-85A7-67054F0303D4}.Debug|Any CPU.ActiveCfg = Debug|Any CPU
		{B2B40371-3B26-43AB-85A7-67054F0303D4}.Debug|Any CPU.Build.0 = Debug|Any CPU
		{B2B40371-3B26-43AB-85A7-67054F0303D4}.Release|Any CPU.ActiveCfg = Release|Any CPU
		{B2B40371-3B26-43AB-85A7-67054F0303D4}.Release|Any CPU.Build.0 = Release|Any CPU
	EndGlobalSection
	GlobalSection(SolutionProperties) = preSolution
		HideSolutionNode = FALSE
	EndGlobalSection
	GlobalSection(ExtensibilityGlobals) = postSolution
		SolutionGuid = {030EBC1D-0146-4EA8-87F1-CD6322977808}
	EndGlobalSection
EndGlobal
